
Microsoft Visual Studio Solution File, Format Version 12.00
# Visual Studio 15
Project("{FAE04EC0-301F-11D3-BF4B-00C04F79EFBC}") = "ChangelingArionumPool", "ChangelingArionumPool\ChangelingArionumPool.csproj", "{77923FD1-A989-40EE-92DE-B8C8CA8B375D}"
EndProject
Project("{FAE04EC0-301F-11D3-BF4B-00C04F79EFBC}") = "ChangelingBizUtils", "ChangelingBizUtils\ChangelingBizUtils.csproj", "{64A6B374-79DA-4CD7-8795-43CD7DC78276}"
EndProject
Global
	GlobalSection(SolutionConfigurationPlatforms) = preSolution
		Debug|Any CPU = Debug|Any CPU
		Release|Any CPU = Release|Any CPU
	EndGlobalSection
	GlobalSection(ProjectConfigurationPlatforms) = postSolution
		{77923FD1-A989-40EE-92DE-B8C8CA8B375D}.Debug|Any CPU.ActiveCfg = Debug|Any CPU
		{77923FD1-A989-40EE-92DE-B8C8CA8B375D}.Debug|Any CPU.Build.0 = Debug|Any CPU
		{77923FD1-A989-40EE-92DE-B8C8CA8B375D}.Release|Any CPU.ActiveCfg = Release|Any CPU
		{77923FD1-A989-40EE-92DE-B8C8CA8B375D}.Release|Any CPU.Build.0 = Release|Any CPU
		{64A6B374-79DA-4CD7-8795-43CD7DC78276}.Debug|Any CPU.ActiveCfg = Debug|Any CPU
		{64A6B374-79DA-4CD7-8795-43CD7DC78276}.Debug|Any CPU.Build.0 = Debug|Any CPU
		{64A6B374-79DA-4CD7-8795-43CD7DC78276}.Release|Any CPU.ActiveCfg = Release|Any CPU
		{64A6B374-79DA-4CD7-8795-43CD7DC78276}.Release|Any CPU.Build.0 = Release|Any CPU
	EndGlobalSection
EndGlobal
